// !$*UTF8*$!
{
	archiveVersion = 1;
	classes = {
	};
	objectVersion = 55;
	objects = {

/* Begin PBXBuildFile section */
		3068AAE528DAD40200EC174D /* AppDelegate.swift in Sources */ = {isa = PBXBuildFile; fileRef = 3068AAE428DAD40200EC174D /* AppDelegate.swift */; };
		3068AAEF28DAD40200EC174D /* InventoryList.xcdatamodeld in Sources */ = {isa = PBXBuildFile; fileRef = 3068AAED28DAD40200EC174D /* InventoryList.xcdatamodeld */; };
		3068AAF128DAD40400EC174D /* Assets.xcassets in Resources */ = {isa = PBXBuildFile; fileRef = 3068AAF028DAD40400EC174D /* Assets.xcassets */; };
		3068AAF428DAD40400EC174D /* LaunchScreen.storyboard in Resources */ = {isa = PBXBuildFile; fileRef = 3068AAF228DAD40400EC174D /* LaunchScreen.storyboard */; };
		3068AB0228DAD9BB00EC174D /* Coordinator.swift in Sources */ = {isa = PBXBuildFile; fileRef = 3068AB0128DAD9BB00EC174D /* Coordinator.swift */; };
		3068AB0428DAD9E200EC174D /* Transition.swift in Sources */ = {isa = PBXBuildFile; fileRef = 3068AB0328DAD9E200EC174D /* Transition.swift */; };
		3068AB0628DADA1000EC174D /* AppRouter.swift in Sources */ = {isa = PBXBuildFile; fileRef = 3068AB0528DADA1000EC174D /* AppRouter.swift */; };
		3068AB0B28DADABD00EC174D /* MainListCoordinator.swift in Sources */ = {isa = PBXBuildFile; fileRef = 3068AB0A28DADABD00EC174D /* MainListCoordinator.swift */; };
		3068AB0D28DADB0200EC174D /* MainListViewModel.swift in Sources */ = {isa = PBXBuildFile; fileRef = 3068AB0C28DADB0200EC174D /* MainListViewModel.swift */; };
		3068AB0F28DADB9200EC174D /* MainListViewController.swift in Sources */ = {isa = PBXBuildFile; fileRef = 3068AB0E28DADB9200EC174D /* MainListViewController.swift */; };
		3068AB1128DADFED00EC174D /* Product.swift in Sources */ = {isa = PBXBuildFile; fileRef = 3068AB1028DADFED00EC174D /* Product.swift */; };
		3068AB1328DAE0EE00EC174D /* ProductViewDataType.swift in Sources */ = {isa = PBXBuildFile; fileRef = 3068AB1228DAE0EE00EC174D /* ProductViewDataType.swift */; };
		3068AB1528DAE22700EC174D /* ProductObject.swift in Sources */ = {isa = PBXBuildFile; fileRef = 3068AB1428DAE22700EC174D /* ProductObject.swift */; };
		3068AB1728DAE98C00EC174D /* Services.swift in Sources */ = {isa = PBXBuildFile; fileRef = 3068AB1628DAE98C00EC174D /* Services.swift */; };
		3068AB1A28DAE9B400EC174D /* Storage.swift in Sources */ = {isa = PBXBuildFile; fileRef = 3068AB1928DAE9B400EC174D /* Storage.swift */; };
		3068AB1C28DAEB6F00EC174D /* CoreDataStack.swift in Sources */ = {isa = PBXBuildFile; fileRef = 3068AB1B28DAEB6F00EC174D /* CoreDataStack.swift */; };
		3068AB1E28DAEBC400EC174D /* ProductManager.swift in Sources */ = {isa = PBXBuildFile; fileRef = 3068AB1D28DAEBC400EC174D /* ProductManager.swift */; };
		3068AB2028DB4C3900EC174D /* MainViewModelProtocol.swift in Sources */ = {isa = PBXBuildFile; fileRef = 3068AB1F28DB4C3900EC174D /* MainViewModelProtocol.swift */; };
		3068AB2628DB9C0000EC174D /* AddProductCoordinator.swift in Sources */ = {isa = PBXBuildFile; fileRef = 3068AB2528DB9C0000EC174D /* AddProductCoordinator.swift */; };
		3068AB2928DB9C6B00EC174D /* AddProductViewModel.swift in Sources */ = {isa = PBXBuildFile; fileRef = 3068AB2828DB9C6B00EC174D /* AddProductViewModel.swift */; };
		3068AB2B28DB9C8D00EC174D /* AddProductViewController.swift in Sources */ = {isa = PBXBuildFile; fileRef = 3068AB2A28DB9C8D00EC174D /* AddProductViewController.swift */; };
		3068AB2D28DBA48F00EC174D /* AddProductView.swift in Sources */ = {isa = PBXBuildFile; fileRef = 3068AB2C28DBA48F00EC174D /* AddProductView.swift */; };
		3068AB2F28DBA4C300EC174D /* ViewCodeProtocol.swift in Sources */ = {isa = PBXBuildFile; fileRef = 3068AB2E28DBA4C300EC174D /* ViewCodeProtocol.swift */; };
		3068AB3128DBA61B00EC174D /* UIStackView+Spacing.swift in Sources */ = {isa = PBXBuildFile; fileRef = 3068AB3028DBA61B00EC174D /* UIStackView+Spacing.swift */; };
		3068AB3328DBB50300EC174D /* UIAlertController+Builder.swift in Sources */ = {isa = PBXBuildFile; fileRef = 3068AB3228DBB50300EC174D /* UIAlertController+Builder.swift */; };
		3068AB3628DBB91600EC174D /* Failure.swift in Sources */ = {isa = PBXBuildFile; fileRef = 3068AB3528DBB91600EC174D /* Failure.swift */; };
/* End PBXBuildFile section */

/* Begin PBXFileReference section */
		3068AAE128DAD40200EC174D /* InventoryList.app */ = {isa = PBXFileReference; explicitFileType = wrapper.application; includeInIndex = 0; path = InventoryList.app; sourceTree = BUILT_PRODUCTS_DIR; };
		3068AAE428DAD40200EC174D /* AppDelegate.swift */ = {isa = PBXFileReference; lastKnownFileType = sourcecode.swift; path = AppDelegate.swift; sourceTree = "<group>"; };
		3068AAEE28DAD40200EC174D /* InventoryList.xcdatamodel */ = {isa = PBXFileReference; lastKnownFileType = wrapper.xcdatamodel; path = InventoryList.xcdatamodel; sourceTree = "<group>"; };
		3068AAF028DAD40400EC174D /* Assets.xcassets */ = {isa = PBXFileReference; lastKnownFileType = folder.assetcatalog; path = Assets.xcassets; sourceTree = "<group>"; };
		3068AAF328DAD40400EC174D /* Base */ = {isa = PBXFileReference; lastKnownFileType = file.storyboard; name = Base; path = Base.lproj/LaunchScreen.storyboard; sourceTree = "<group>"; };
		3068AAF528DAD40400EC174D /* Info.plist */ = {isa = PBXFileReference; lastKnownFileType = text.plist.xml; path = Info.plist; sourceTree = "<group>"; };
		3068AB0128DAD9BB00EC174D /* Coordinator.swift */ = {isa = PBXFileReference; lastKnownFileType = sourcecode.swift; path = Coordinator.swift; sourceTree = "<group>"; };
		3068AB0328DAD9E200EC174D /* Transition.swift */ = {isa = PBXFileReference; lastKnownFileType = sourcecode.swift; path = Transition.swift; sourceTree = "<group>"; };
		3068AB0528DADA1000EC174D /* AppRouter.swift */ = {isa = PBXFileReference; lastKnownFileType = sourcecode.swift; path = AppRouter.swift; sourceTree = "<group>"; };
		3068AB0A28DADABD00EC174D /* MainListCoordinator.swift */ = {isa = PBXFileReference; lastKnownFileType = sourcecode.swift; path = MainListCoordinator.swift; sourceTree = "<group>"; };
		3068AB0C28DADB0200EC174D /* MainListViewModel.swift */ = {isa = PBXFileReference; lastKnownFileType = sourcecode.swift; path = MainListViewModel.swift; sourceTree = "<group>"; };
		3068AB0E28DADB9200EC174D /* MainListViewController.swift */ = {isa = PBXFileReference; lastKnownFileType = sourcecode.swift; path = MainListViewController.swift; sourceTree = "<group>"; };
		3068AB1028DADFED00EC174D /* Product.swift */ = {isa = PBXFileReference; lastKnownFileType = sourcecode.swift; path = Product.swift; sourceTree = "<group>"; };
		3068AB1228DAE0EE00EC174D /* ProductViewDataType.swift */ = {isa = PBXFileReference; lastKnownFileType = sourcecode.swift; path = ProductViewDataType.swift; sourceTree = "<group>"; };
		3068AB1428DAE22700EC174D /* ProductObject.swift */ = {isa = PBXFileReference; lastKnownFileType = sourcecode.swift; path = ProductObject.swift; sourceTree = "<group>"; };
		3068AB1628DAE98C00EC174D /* Services.swift */ = {isa = PBXFileReference; lastKnownFileType = sourcecode.swift; path = Services.swift; sourceTree = "<group>"; };
		3068AB1928DAE9B400EC174D /* Storage.swift */ = {isa = PBXFileReference; lastKnownFileType = sourcecode.swift; path = Storage.swift; sourceTree = "<group>"; };
		3068AB1B28DAEB6F00EC174D /* CoreDataStack.swift */ = {isa = PBXFileReference; lastKnownFileType = sourcecode.swift; path = CoreDataStack.swift; sourceTree = "<group>"; };
		3068AB1D28DAEBC400EC174D /* ProductManager.swift */ = {isa = PBXFileReference; lastKnownFileType = sourcecode.swift; path = ProductManager.swift; sourceTree = "<group>"; };
		3068AB1F28DB4C3900EC174D /* MainViewModelProtocol.swift */ = {isa = PBXFileReference; lastKnownFileType = sourcecode.swift; path = MainViewModelProtocol.swift; sourceTree = "<group>"; };
		3068AB2528DB9C0000EC174D /* AddProductCoordinator.swift */ = {isa = PBXFileReference; lastKnownFileType = sourcecode.swift; path = AddProductCoordinator.swift; sourceTree = "<group>"; };
		3068AB2828DB9C6B00EC174D /* AddProductViewModel.swift */ = {isa = PBXFileReference; lastKnownFileType = sourcecode.swift; path = AddProductViewModel.swift; sourceTree = "<group>"; };
		3068AB2A28DB9C8D00EC174D /* AddProductViewController.swift */ = {isa = PBXFileReference; lastKnownFileType = sourcecode.swift; path = AddProductViewController.swift; sourceTree = "<group>"; };
		3068AB2C28DBA48F00EC174D /* AddProductView.swift */ = {isa = PBXFileReference; lastKnownFileType = sourcecode.swift; path = AddProductView.swift; sourceTree = "<group>"; };
		3068AB2E28DBA4C300EC174D /* ViewCodeProtocol.swift */ = {isa = PBXFileReference; lastKnownFileType = sourcecode.swift; path = ViewCodeProtocol.swift; sourceTree = "<group>"; };
		3068AB3028DBA61B00EC174D /* UIStackView+Spacing.swift */ = {isa = PBXFileReference; lastKnownFileType = sourcecode.swift; path = "UIStackView+Spacing.swift"; sourceTree = "<group>"; };
		3068AB3228DBB50300EC174D /* UIAlertController+Builder.swift */ = {isa = PBXFileReference; lastKnownFileType = sourcecode.swift; path = "UIAlertController+Builder.swift"; sourceTree = "<group>"; };
		3068AB3528DBB91600EC174D /* Failure.swift */ = {isa = PBXFileReference; lastKnownFileType = sourcecode.swift; path = Failure.swift; sourceTree = "<group>"; };
/* End PBXFileReference section */

/* Begin PBXFrameworksBuildPhase section */
		3068AADE28DAD40200EC174D /* Frameworks */ = {
			isa = PBXFrameworksBuildPhase;
			buildActionMask = 2147483647;
			files = (
			);
			runOnlyForDeploymentPostprocessing = 0;
		};
/* End PBXFrameworksBuildPhase section */

/* Begin PBXGroup section */
		3068AAD828DAD40200EC174D = {
			isa = PBXGroup;
			children = (
				3068AAE328DAD40200EC174D /* InventoryList */,
				3068AAE228DAD40200EC174D /* Products */,
			);
			sourceTree = "<group>";
		};
		3068AAE228DAD40200EC174D /* Products */ = {
			isa = PBXGroup;
			children = (
				3068AAE128DAD40200EC174D /* InventoryList.app */,
			);
			name = Products;
			sourceTree = "<group>";
		};
		3068AAE328DAD40200EC174D /* InventoryList */ = {
			isa = PBXGroup;
			children = (
				3068AB0028DAD99D00EC174D /* Services */,
				3068AAFB28DAD6CB00EC174D /* App */,
				3068AAE428DAD40200EC174D /* AppDelegate.swift */,
				3068AAF028DAD40400EC174D /* Assets.xcassets */,
				3068AAF228DAD40400EC174D /* LaunchScreen.storyboard */,
				3068AAF528DAD40400EC174D /* Info.plist */,
				3068AAED28DAD40200EC174D /* InventoryList.xcdatamodeld */,
			);
			path = InventoryList;
			sourceTree = "<group>";
		};
		3068AAFB28DAD6CB00EC174D /* App */ = {
			isa = PBXGroup;
			children = (
				3068AB2228DB99C600EC174D /* AddProduct */,
				3068AAFF28DAD7E900EC174D /* MainList */,
				3068AAFC28DAD6FD00EC174D /* Helpers */,
			);
			path = App;
			sourceTree = "<group>";
		};
		3068AAFC28DAD6FD00EC174D /* Helpers */ = {
			isa = PBXGroup;
			children = (
				3068AAFE28DAD71E00EC174D /* Extensions */,
				3068AAFD28DAD70800EC174D /* Protocols */,
				3068AB0328DAD9E200EC174D /* Transition.swift */,
				3068AB0528DADA1000EC174D /* AppRouter.swift */,
			);
			path = Helpers;
			sourceTree = "<group>";
		};
		3068AAFD28DAD70800EC174D /* Protocols */ = {
			isa = PBXGroup;
			children = (
				3068AB0128DAD9BB00EC174D /* Coordinator.swift */,
				3068AB2E28DBA4C300EC174D /* ViewCodeProtocol.swift */,
			);
			path = Protocols;
			sourceTree = "<group>";
		};
		3068AAFE28DAD71E00EC174D /* Extensions */ = {
			isa = PBXGroup;
			children = (
				3068AB3028DBA61B00EC174D /* UIStackView+Spacing.swift */,
				3068AB3228DBB50300EC174D /* UIAlertController+Builder.swift */,
			);
			path = Extensions;
			sourceTree = "<group>";
		};
		3068AAFF28DAD7E900EC174D /* MainList */ = {
			isa = PBXGroup;
			children = (
				3068AB0A28DADABD00EC174D /* MainListCoordinator.swift */,
				3068AB0928DADAA400EC174D /* Model */,
				3068AB0828DADA9C00EC174D /* View */,
				3068AB0728DADA6A00EC174D /* ViewModel */,
			);
			path = MainList;
			sourceTree = "<group>";
		};
		3068AB0028DAD99D00EC174D /* Services */ = {
			isa = PBXGroup;
			children = (
				3068AB1628DAE98C00EC174D /* Services.swift */,
				3068AB1828DAE99900EC174D /* Storage */,
				3068AB3428DBB90200EC174D /* Error */,
			);
			path = Services;
			sourceTree = "<group>";
		};
		3068AB0728DADA6A00EC174D /* ViewModel */ = {
			isa = PBXGroup;
			children = (
				3068AB0C28DADB0200EC174D /* MainListViewModel.swift */,
				3068AB1F28DB4C3900EC174D /* MainViewModelProtocol.swift */,
			);
			path = ViewModel;
			sourceTree = "<group>";
		};
		3068AB0828DADA9C00EC174D /* View */ = {
			isa = PBXGroup;
			children = (
				3068AB0E28DADB9200EC174D /* MainListViewController.swift */,
			);
			path = View;
			sourceTree = "<group>";
		};
		3068AB0928DADAA400EC174D /* Model */ = {
			isa = PBXGroup;
			children = (
				3068AB1028DADFED00EC174D /* Product.swift */,
				3068AB1228DAE0EE00EC174D /* ProductViewDataType.swift */,
				3068AB1428DAE22700EC174D /* ProductObject.swift */,
			);
			path = Model;
			sourceTree = "<group>";
		};
		3068AB1828DAE99900EC174D /* Storage */ = {
			isa = PBXGroup;
			children = (
				3068AB1928DAE9B400EC174D /* Storage.swift */,
				3068AB1B28DAEB6F00EC174D /* CoreDataStack.swift */,
				3068AB1D28DAEBC400EC174D /* ProductManager.swift */,
			);
			path = Storage;
			sourceTree = "<group>";
		};
		3068AB2228DB99C600EC174D /* AddProduct */ = {
			isa = PBXGroup;
			children = (
				3068AB2528DB9C0000EC174D /* AddProductCoordinator.swift */,
				3068AB2428DB9B0100EC174D /* View */,
				3068AB2328DB9AF900EC174D /* ViewModel */,
			);
			path = AddProduct;
			sourceTree = "<group>";
		};
		3068AB2328DB9AF900EC174D /* ViewModel */ = {
			isa = PBXGroup;
			children = (
				3068AB2828DB9C6B00EC174D /* AddProductViewModel.swift */,
			);
			path = ViewModel;
			sourceTree = "<group>";
		};
		3068AB2428DB9B0100EC174D /* View */ = {
			isa = PBXGroup;
			children = (
				3068AB2A28DB9C8D00EC174D /* AddProductViewController.swift */,
				3068AB2C28DBA48F00EC174D /* AddProductView.swift */,
			);
			path = View;
			sourceTree = "<group>";
		};
		3068AB3428DBB90200EC174D /* Error */ = {
			isa = PBXGroup;
			children = (
				3068AB3528DBB91600EC174D /* Failure.swift */,
			);
			path = Error;
			sourceTree = "<group>";
		};
/* End PBXGroup section */

/* Begin PBXNativeTarget section */
		3068AAE028DAD40200EC174D /* InventoryList */ = {
			isa = PBXNativeTarget;
			buildConfigurationList = 3068AAF828DAD40400EC174D /* Build configuration list for PBXNativeTarget "InventoryList" */;
			buildPhases = (
				3068AADD28DAD40200EC174D /* Sources */,
				3068AADE28DAD40200EC174D /* Frameworks */,
				3068AADF28DAD40200EC174D /* Resources */,
			);
			buildRules = (
			);
			dependencies = (
			);
			name = InventoryList;
			productName = InventoryList;
			productReference = 3068AAE128DAD40200EC174D /* InventoryList.app */;
			productType = "com.apple.product-type.application";
		};
/* End PBXNativeTarget section */

/* Begin PBXProject section */
		3068AAD928DAD40200EC174D /* Project object */ = {
			isa = PBXProject;
			attributes = {
				BuildIndependentTargetsInParallel = 1;
				LastSwiftUpdateCheck = 1320;
				LastUpgradeCheck = 1320;
				TargetAttributes = {
					3068AAE028DAD40200EC174D = {
						CreatedOnToolsVersion = 13.2.1;
					};
				};
			};
			buildConfigurationList = 3068AADC28DAD40200EC174D /* Build configuration list for PBXProject "InventoryList" */;
			compatibilityVersion = "Xcode 13.0";
			developmentRegion = en;
			hasScannedForEncodings = 0;
			knownRegions = (
				en,
				Base,
			);
			mainGroup = 3068AAD828DAD40200EC174D;
			productRefGroup = 3068AAE228DAD40200EC174D /* Products */;
			projectDirPath = "";
			projectRoot = "";
			targets = (
				3068AAE028DAD40200EC174D /* InventoryList */,
			);
		};
/* End PBXProject section */

/* Begin PBXResourcesBuildPhase section */
		3068AADF28DAD40200EC174D /* Resources */ = {
			isa = PBXResourcesBuildPhase;
			buildActionMask = 2147483647;
			files = (
				3068AAF428DAD40400EC174D /* LaunchScreen.storyboard in Resources */,
				3068AAF128DAD40400EC174D /* Assets.xcassets in Resources */,
			);
			runOnlyForDeploymentPostprocessing = 0;
		};
/* End PBXResourcesBuildPhase section */

/* Begin PBXSourcesBuildPhase section */
		3068AADD28DAD40200EC174D /* Sources */ = {
			isa = PBXSourcesBuildPhase;
			buildActionMask = 2147483647;
			files = (
				3068AB2028DB4C3900EC174D /* MainViewModelProtocol.swift in Sources */,
				3068AB1528DAE22700EC174D /* ProductObject.swift in Sources */,
				3068AB1E28DAEBC400EC174D /* ProductManager.swift in Sources */,
				3068AB3128DBA61B00EC174D /* UIStackView+Spacing.swift in Sources */,
				3068AB2B28DB9C8D00EC174D /* AddProductViewController.swift in Sources */,
				3068AB2F28DBA4C300EC174D /* ViewCodeProtocol.swift in Sources */,
				3068AB2D28DBA48F00EC174D /* AddProductView.swift in Sources */,
				3068AB1728DAE98C00EC174D /* Services.swift in Sources */,
				3068AB1328DAE0EE00EC174D /* ProductViewDataType.swift in Sources */,
				3068AB2628DB9C0000EC174D /* AddProductCoordinator.swift in Sources */,
				3068AB0F28DADB9200EC174D /* MainListViewController.swift in Sources */,
				3068AB0428DAD9E200EC174D /* Transition.swift in Sources */,
				3068AB1128DADFED00EC174D /* Product.swift in Sources */,
				3068AB0228DAD9BB00EC174D /* Coordinator.swift in Sources */,
				3068AB1C28DAEB6F00EC174D /* CoreDataStack.swift in Sources */,
				3068AB0628DADA1000EC174D /* AppRouter.swift in Sources */,
				3068AB3628DBB91600EC174D /* Failure.swift in Sources */,
				3068AB2928DB9C6B00EC174D /* AddProductViewModel.swift in Sources */,
				3068AB0B28DADABD00EC174D /* MainListCoordinator.swift in Sources */,
				3068AAEF28DAD40200EC174D /* InventoryList.xcdatamodeld in Sources */,
				3068AB3328DBB50300EC174D /* UIAlertController+Builder.swift in Sources */,
				3068AAE528DAD40200EC174D /* AppDelegate.swift in Sources */,
				3068AB0D28DADB0200EC174D /* MainListViewModel.swift in Sources */,
				3068AB1A28DAE9B400EC174D /* Storage.swift in Sources */,
			);
			runOnlyForDeploymentPostprocessing = 0;
		};
/* End PBXSourcesBuildPhase section */

/* Begin PBXVariantGroup section */
		3068AAF228DAD40400EC174D /* LaunchScreen.storyboard */ = {
			isa = PBXVariantGroup;
			children = (
				3068AAF328DAD40400EC174D /* Base */,
			);
			name = LaunchScreen.storyboard;
			sourceTree = "<group>";
		};
/* End PBXVariantGroup section */

/* Begin XCBuildConfiguration section */
		3068AAF628DAD40400EC174D /* Debug */ = {
			isa = XCBuildConfiguration;
			buildSettings = {
				ALWAYS_SEARCH_USER_PATHS = NO;
				CLANG_ANALYZER_NONNULL = YES;
				CLANG_ANALYZER_NUMBER_OBJECT_CONVERSION = YES_AGGRESSIVE;
				CLANG_CXX_LANGUAGE_STANDARD = "gnu++17";
				CLANG_CXX_LIBRARY = "libc++";
				CLANG_ENABLE_MODULES = YES;
				CLANG_ENABLE_OBJC_ARC = YES;
				CLANG_ENABLE_OBJC_WEAK = YES;
				CLANG_WARN_BLOCK_CAPTURE_AUTORELEASING = YES;
				CLANG_WARN_BOOL_CONVERSION = YES;
				CLANG_WARN_COMMA = YES;
				CLANG_WARN_CONSTANT_CONVERSION = YES;
				CLANG_WARN_DEPRECATED_OBJC_IMPLEMENTATIONS = YES;
				CLANG_WARN_DIRECT_OBJC_ISA_USAGE = YES_ERROR;
				CLANG_WARN_DOCUMENTATION_COMMENTS = YES;
				CLANG_WARN_EMPTY_BODY = YES;
				CLANG_WARN_ENUM_CONVERSION = YES;
				CLANG_WARN_INFINITE_RECURSION = YES;
				CLANG_WARN_INT_CONVERSION = YES;
				CLANG_WARN_NON_LITERAL_NULL_CONVERSION = YES;
				CLANG_WARN_OBJC_IMPLICIT_RETAIN_SELF = YES;
				CLANG_WARN_OBJC_LITERAL_CONVERSION = YES;
				CLANG_WARN_OBJC_ROOT_CLASS = YES_ERROR;
				CLANG_WARN_QUOTED_INCLUDE_IN_FRAMEWORK_HEADER = YES;
				CLANG_WARN_RANGE_LOOP_ANALYSIS = YES;
				CLANG_WARN_STRICT_PROTOTYPES = YES;
				CLANG_WARN_SUSPICIOUS_MOVE = YES;
				CLANG_WARN_UNGUARDED_AVAILABILITY = YES_AGGRESSIVE;
				CLANG_WARN_UNREACHABLE_CODE = YES;
				CLANG_WARN__DUPLICATE_METHOD_MATCH = YES;
				COPY_PHASE_STRIP = NO;
				DEBUG_INFORMATION_FORMAT = dwarf;
				ENABLE_STRICT_OBJC_MSGSEND = YES;
				ENABLE_TESTABILITY = YES;
				GCC_C_LANGUAGE_STANDARD = gnu11;
				GCC_DYNAMIC_NO_PIC = NO;
				GCC_NO_COMMON_BLOCKS = YES;
				GCC_OPTIMIZATION_LEVEL = 0;
				GCC_PREPROCESSOR_DEFINITIONS = (
					"DEBUG=1",
					"$(inherited)",
				);
				GCC_WARN_64_TO_32_BIT_CONVERSION = YES;
				GCC_WARN_ABOUT_RETURN_TYPE = YES_ERROR;
				GCC_WARN_UNDECLARED_SELECTOR = YES;
				GCC_WARN_UNINITIALIZED_AUTOS = YES_AGGRESSIVE;
				GCC_WARN_UNUSED_FUNCTION = YES;
				GCC_WARN_UNUSED_VARIABLE = YES;
				IPHONEOS_DEPLOYMENT_TARGET = 15.2;
				MTL_ENABLE_DEBUG_INFO = INCLUDE_SOURCE;
				MTL_FAST_MATH = YES;
				ONLY_ACTIVE_ARCH = YES;
				SDKROOT = iphoneos;
				SWIFT_ACTIVE_COMPILATION_CONDITIONS = DEBUG;
				SWIFT_OPTIMIZATION_LEVEL = "-Onone";
			};
			name = Debug;
		};
		3068AAF728DAD40400EC174D /* Release */ = {
			isa = XCBuildConfiguration;
			buildSettings = {
				ALWAYS_SEARCH_USER_PATHS = NO;
				CLANG_ANALYZER_NONNULL = YES;
				CLANG_ANALYZER_NUMBER_OBJECT_CONVERSION = YES_AGGRESSIVE;
				CLANG_CXX_LANGUAGE_STANDARD = "gnu++17";
				CLANG_CXX_LIBRARY = "libc++";
				CLANG_ENABLE_MODULES = YES;
				CLANG_ENABLE_OBJC_ARC = YES;
				CLANG_ENABLE_OBJC_WEAK = YES;
				CLANG_WARN_BLOCK_CAPTURE_AUTORELEASING = YES;
				CLANG_WARN_BOOL_CONVERSION = YES;
				CLANG_WARN_COMMA = YES;
				CLANG_WARN_CONSTANT_CONVERSION = YES;
				CLANG_WARN_DEPRECATED_OBJC_IMPLEMENTATIONS = YES;
				CLANG_WARN_DIRECT_OBJC_ISA_USAGE = YES_ERROR;
				CLANG_WARN_DOCUMENTATION_COMMENTS = YES;
				CLANG_WARN_EMPTY_BODY = YES;
				CLANG_WARN_ENUM_CONVERSION = YES;
				CLANG_WARN_INFINITE_RECURSION = YES;
				CLANG_WARN_INT_CONVERSION = YES;
				CLANG_WARN_NON_LITERAL_NULL_CONVERSION = YES;
				CLANG_WARN_OBJC_IMPLICIT_RETAIN_SELF = YES;
				CLANG_WARN_OBJC_LITERAL_CONVERSION = YES;
				CLANG_WARN_OBJC_ROOT_CLASS = YES_ERROR;
				CLANG_WARN_QUOTED_INCLUDE_IN_FRAMEWORK_HEADER = YES;
				CLANG_WARN_RANGE_LOOP_ANALYSIS = YES;
				CLANG_WARN_STRICT_PROTOTYPES = YES;
				CLANG_WARN_SUSPICIOUS_MOVE = YES;
				CLANG_WARN_UNGUARDED_AVAILABILITY = YES_AGGRESSIVE;
				CLANG_WARN_UNREACHABLE_CODE = YES;
				CLANG_WARN__DUPLICATE_METHOD_MATCH = YES;
				COPY_PHASE_STRIP = NO;
				DEBUG_INFORMATION_FORMAT = "dwarf-with-dsym";
				ENABLE_NS_ASSERTIONS = NO;
				ENABLE_STRICT_OBJC_MSGSEND = YES;
				GCC_C_LANGUAGE_STANDARD = gnu11;
				GCC_NO_COMMON_BLOCKS = YES;
				GCC_WARN_64_TO_32_BIT_CONVERSION = YES;
				GCC_WARN_ABOUT_RETURN_TYPE = YES_ERROR;
				GCC_WARN_UNDECLARED_SELECTOR = YES;
				GCC_WARN_UNINITIALIZED_AUTOS = YES_AGGRESSIVE;
				GCC_WARN_UNUSED_FUNCTION = YES;
				GCC_WARN_UNUSED_VARIABLE = YES;
				IPHONEOS_DEPLOYMENT_TARGET = 15.2;
				MTL_ENABLE_DEBUG_INFO = NO;
				MTL_FAST_MATH = YES;
				SDKROOT = iphoneos;
				SWIFT_COMPILATION_MODE = wholemodule;
				SWIFT_OPTIMIZATION_LEVEL = "-O";
				VALIDATE_PRODUCT = YES;
			};
			name = Release;
		};
		3068AAF928DAD40400EC174D /* Debug */ = {
			isa = XCBuildConfiguration;
			buildSettings = {
				ASSETCATALOG_COMPILER_APPICON_NAME = AppIcon;
				ASSETCATALOG_COMPILER_GLOBAL_ACCENT_COLOR_NAME = AccentColor;
				CODE_SIGN_STYLE = Automatic;
				CURRENT_PROJECT_VERSION = 1;
				GENERATE_INFOPLIST_FILE = YES;
				INFOPLIST_FILE = InventoryList/Info.plist;
				INFOPLIST_KEY_UIApplicationSupportsIndirectInputEvents = YES;
				INFOPLIST_KEY_UILaunchStoryboardName = LaunchScreen;
				INFOPLIST_KEY_UISupportedInterfaceOrientations_iPad = "UIInterfaceOrientationPortrait UIInterfaceOrientationPortraitUpsideDown UIInterfaceOrientationLandscapeLeft UIInterfaceOrientationLandscapeRight";
				INFOPLIST_KEY_UISupportedInterfaceOrientations_iPhone = "UIInterfaceOrientationPortrait UIInterfaceOrientationLandscapeLeft UIInterfaceOrientationLandscapeRight";
				LD_RUNPATH_SEARCH_PATHS = (
					"$(inherited)",
					"@executable_path/Frameworks",
				);
				MARKETING_VERSION = 1.0;
				PRODUCT_BUNDLE_IDENTIFIER = bmejia24.InventoryList;
				PRODUCT_NAME = "$(TARGET_NAME)";
				SWIFT_EMIT_LOC_STRINGS = YES;
				SWIFT_VERSION = 5.0;
				TARGETED_DEVICE_FAMILY = "1,2";
			};
			name = Debug;
		};
		3068AAFA28DAD40400EC174D /* Release */ = {
			isa = XCBuildConfiguration;
			buildSettings = {
				ASSETCATALOG_COMPILER_APPICON_NAME = AppIcon;
				ASSETCATALOG_COMPILER_GLOBAL_ACCENT_COLOR_NAME = AccentColor;
				CODE_SIGN_STYLE = Automatic;
				CURRENT_PROJECT_VERSION = 1;
				GENERATE_INFOPLIST_FILE = YES;
				INFOPLIST_FILE = InventoryList/Info.plist;
				INFOPLIST_KEY_UIApplicationSupportsIndirectInputEvents = YES;
				INFOPLIST_KEY_UILaunchStoryboardName = LaunchScreen;
				INFOPLIST_KEY_UISupportedInterfaceOrientations_iPad = "UIInterfaceOrientationPortrait UIInterfaceOrientationPortraitUpsideDown UIInterfaceOrientationLandscapeLeft UIInterfaceOrientationLandscapeRight";
				INFOPLIST_KEY_UISupportedInterfaceOrientations_iPhone = "UIInterfaceOrientationPortrait UIInterfaceOrientationLandscapeLeft UIInterfaceOrientationLandscapeRight";
				LD_RUNPATH_SEARCH_PATHS = (
					"$(inherited)",
					"@executable_path/Frameworks",
				);
				MARKETING_VERSION = 1.0;
				PRODUCT_BUNDLE_IDENTIFIER = bmejia24.InventoryList;
				PRODUCT_NAME = "$(TARGET_NAME)";
				SWIFT_EMIT_LOC_STRINGS = YES;
				SWIFT_VERSION = 5.0;
				TARGETED_DEVICE_FAMILY = "1,2";
			};
			name = Release;
		};
/* End XCBuildConfiguration section */

/* Begin XCConfigurationList section */
		3068AADC28DAD40200EC174D /* Build configuration list for PBXProject "InventoryList" */ = {
			isa = XCConfigurationList;
			buildConfigurations = (
				3068AAF628DAD40400EC174D /* Debug */,
				3068AAF728DAD40400EC174D /* Release */,
			);
			defaultConfigurationIsVisible = 0;
			defaultConfigurationName = Release;
		};
		3068AAF828DAD40400EC174D /* Build configuration list for PBXNativeTarget "InventoryList" */ = {
			isa = XCConfigurationList;
			buildConfigurations = (
				3068AAF928DAD40400EC174D /* Debug */,
				3068AAFA28DAD40400EC174D /* Release */,
			);
			defaultConfigurationIsVisible = 0;
			defaultConfigurationName = Release;
		};
/* End XCConfigurationList section */

/* Begin XCVersionGroup section */
		3068AAED28DAD40200EC174D /* InventoryList.xcdatamodeld */ = {
			isa = XCVersionGroup;
			children = (
				3068AAEE28DAD40200EC174D /* InventoryList.xcdatamodel */,
			);
			currentVersion = 3068AAEE28DAD40200EC174D /* InventoryList.xcdatamodel */;
			path = InventoryList.xcdatamodeld;
			sourceTree = "<group>";
			versionGroupType = wrapper.xcdatamodel;
		};
/* End XCVersionGroup section */
	};
	rootObject = 3068AAD928DAD40200EC174D /* Project object */;
}
